
Microsoft Visual Studio Solution File, Format Version 12.00
# Visual Studio Version 16
VisualStudioVersion = 16.0.30225.117
MinimumVisualStudioVersion = 10.0.40219.1
Project("{FAE04EC0-301F-11D3-BF4B-00C04F79EFBC}") = "TokumentWPF", "TokumentWPF\TokumentWPF.csproj", "{82B01772-D01D-42CA-ADF1-33445C437FCB}"
EndProject
Project("{FAE04EC0-301F-11D3-BF4B-00C04F79EFBC}") = "ProductKeyGenerator", "ProductKeyGenerator\ProductKeyGenerator.csproj", "{82AEBA3D-FCA2-45B2-A072-B752EB6B6523}"
EndProject
Global
	GlobalSection(SolutionConfigurationPlatforms) = preSolution
		Debug|Any CPU = Debug|Any CPU
		Release|Any CPU = Release|Any CPU
	EndGlobalSection
	GlobalSection(ProjectConfigurationPlatforms) = postSolution
		{82B01772-D01D-42CA-ADF1-33445C437FCB}.Debug|Any CPU.ActiveCfg = Debug|Any CPU
		{82B01772-D01D-42CA-ADF1-33445C437FCB}.Debug|Any CPU.Build.0 = Debug|Any CPU
		{82B01772-D01D-42CA-ADF1-33445C437FCB}.Release|Any CPU.ActiveCfg = Release|Any CPU
		{82B01772-D01D-42CA-ADF1-33445C437FCB}.Release|Any CPU.Build.0 = Release|Any CPU
		{82AEBA3D-FCA2-45B2-A072-B752EB6B6523}.Debug|Any CPU.ActiveCfg = Debug|Any CPU
		{82AEBA3D-FCA2-45B2-A072-B752EB6B6523}.Debug|Any CPU.Build.0 = Debug|Any CPU
		{82AEBA3D-FCA2-45B2-A072-B752EB6B6523}.Release|Any CPU.ActiveCfg = Release|Any CPU
		{82AEBA3D-FCA2-45B2-A072-B752EB6B6523}.Release|Any CPU.Build.0 = Release|Any CPU
	EndGlobalSection
	GlobalSection(SolutionProperties) = preSolution
		HideSolutionNode = FALSE
	EndGlobalSection
	GlobalSection(ExtensibilityGlobals) = postSolution
		SolutionGuid = {8A00E822-7556-4080-B0E7-A01215D010BF}
	EndGlobalSection
EndGlobal
